
Microsoft Visual Studio Solution File, Format Version 12.00
# Visual Studio Version 17
VisualStudioVersion = 17.4.33110.190
MinimumVisualStudioVersion = 10.0.40219.1
Project("{FAE04EC0-301F-11D3-BF4B-00C04F79EFBC}") = "CountSize", "CountSize\CountSize.csproj", "{23AE22E9-0FDD-4DE4-92A4-6EFA7D557897}"
EndProject
Global
	GlobalSection(SolutionConfigurationPlatforms) = preSolution
		Debug|Any CPU = Debug|Any CPU
		Release|Any CPU = Release|Any CPU
	EndGlobalSection
	GlobalSection(ProjectConfigurationPlatforms) = postSolution
		{23AE22E9-0FDD-4DE4-92A4-6EFA7D557897}.Debug|Any CPU.ActiveCfg = Debug|Any CPU
		{23AE22E9-0FDD-4DE4-92A4-6EFA7D557897}.Debug|Any CPU.Build.0 = Debug|Any CPU
		{23AE22E9-0FDD-4DE4-92A4-6EFA7D557897}.Release|Any CPU.ActiveCfg = Release|Any CPU
		{23AE22E9-0FDD-4DE4-92A4-6EFA7D557897}.Release|Any CPU.Build.0 = Release|Any CPU
	EndGlobalSection
	GlobalSection(SolutionProperties) = preSolution
		HideSolutionNode = FALSE
	EndGlobalSection
	GlobalSection(ExtensibilityGlobals) = postSolution
		SolutionGuid = {F9910A4A-D2A6-48C2-A3D9-5EAB5FB03AED}
	EndGlobalSection
EndGlobal
